// !$*UTF8*$!
{
	archiveVersion = 1;
	classes = {
	};
	objectVersion = 48;
	objects = {

/* Begin PBXBuildFile section */
		3D1DE7041FB9BA5700805276 /* UIViewController+Extensions.swift in Sources */ = {isa = PBXBuildFile; fileRef = 3D1DE7031FB9BA5700805276 /* UIViewController+Extensions.swift */; };
		3D1DE7071FB9CBAD00805276 /* CacheManager.swift in Sources */ = {isa = PBXBuildFile; fileRef = 3D1DE7061FB9CBAD00805276 /* CacheManager.swift */; };
		3D1DE70A1FB9CC0E00805276 /* ApiConstants.swift in Sources */ = {isa = PBXBuildFile; fileRef = 3D1DE7091FB9CC0E00805276 /* ApiConstants.swift */; };
		3D81D4F81FB9ACBF00343C6B /* AppDelegate.swift in Sources */ = {isa = PBXBuildFile; fileRef = 3D81D4F71FB9ACBF00343C6B /* AppDelegate.swift */; };
		3D81D4FA1FB9ACBF00343C6B /* ViewController.swift in Sources */ = {isa = PBXBuildFile; fileRef = 3D81D4F91FB9ACBF00343C6B /* ViewController.swift */; };
		3D81D4FD1FB9ACBF00343C6B /* Main.storyboard in Resources */ = {isa = PBXBuildFile; fileRef = 3D81D4FB1FB9ACBF00343C6B /* Main.storyboard */; };
		3D81D4FF1FB9ACBF00343C6B /* Assets.xcassets in Resources */ = {isa = PBXBuildFile; fileRef = 3D81D4FE1FB9ACBF00343C6B /* Assets.xcassets */; };
		3D81D5021FB9ACBF00343C6B /* LaunchScreen.storyboard in Resources */ = {isa = PBXBuildFile; fileRef = 3D81D5001FB9ACBF00343C6B /* LaunchScreen.storyboard */; };
		3D81D50D1FB9ACBF00343C6B /* PreloTests.swift in Sources */ = {isa = PBXBuildFile; fileRef = 3D81D50C1FB9ACBF00343C6B /* PreloTests.swift */; };
		3D81D5211FB9B02600343C6B /* LoginInteractor.swift in Sources */ = {isa = PBXBuildFile; fileRef = 3D81D51B1FB9B02600343C6B /* LoginInteractor.swift */; };
		3D81D5221FB9B02600343C6B /* LoginModels.swift in Sources */ = {isa = PBXBuildFile; fileRef = 3D81D51C1FB9B02600343C6B /* LoginModels.swift */; };
		3D81D5231FB9B02600343C6B /* LoginPresenter.swift in Sources */ = {isa = PBXBuildFile; fileRef = 3D81D51D1FB9B02600343C6B /* LoginPresenter.swift */; };
		3D81D5241FB9B02600343C6B /* LoginRouter.swift in Sources */ = {isa = PBXBuildFile; fileRef = 3D81D51E1FB9B02600343C6B /* LoginRouter.swift */; };
		3D81D5251FB9B02600343C6B /* LoginViewController.swift in Sources */ = {isa = PBXBuildFile; fileRef = 3D81D51F1FB9B02600343C6B /* LoginViewController.swift */; };
		3D81D5261FB9B02600343C6B /* LoginWorker.swift in Sources */ = {isa = PBXBuildFile; fileRef = 3D81D5201FB9B02600343C6B /* LoginWorker.swift */; };
		3D81D52A1FB9B80400343C6B /* Button.swift in Sources */ = {isa = PBXBuildFile; fileRef = 3D81D5291FB9B80400343C6B /* Button.swift */; };
		3D9469111FB9CE4F009ADDAC /* LovelistInteractor.swift in Sources */ = {isa = PBXBuildFile; fileRef = 3D94690B1FB9CE4F009ADDAC /* LovelistInteractor.swift */; };
		3D9469121FB9CE4F009ADDAC /* LovelistModels.swift in Sources */ = {isa = PBXBuildFile; fileRef = 3D94690C1FB9CE4F009ADDAC /* LovelistModels.swift */; };
		3D9469131FB9CE4F009ADDAC /* LovelistPresenter.swift in Sources */ = {isa = PBXBuildFile; fileRef = 3D94690D1FB9CE4F009ADDAC /* LovelistPresenter.swift */; };
		3D9469141FB9CE4F009ADDAC /* LovelistRouter.swift in Sources */ = {isa = PBXBuildFile; fileRef = 3D94690E1FB9CE4F009ADDAC /* LovelistRouter.swift */; };
		3D9469151FB9CE4F009ADDAC /* LovelistViewController.swift in Sources */ = {isa = PBXBuildFile; fileRef = 3D94690F1FB9CE4F009ADDAC /* LovelistViewController.swift */; };
		3D9469161FB9CE4F009ADDAC /* LovelistWorker.swift in Sources */ = {isa = PBXBuildFile; fileRef = 3D9469101FB9CE4F009ADDAC /* LovelistWorker.swift */; };
		87157B94104646A067B11525 /* Pods_Prelo.framework in Frameworks */ = {isa = PBXBuildFile; fileRef = 479F904B5FA572FB1C0DA029 /* Pods_Prelo.framework */; };
		DCCA5F54AFE4C93D95FAF095 /* Pods_PreloTests.framework in Frameworks */ = {isa = PBXBuildFile; fileRef = 36C2AF9804BF941BC8EEE44A /* Pods_PreloTests.framework */; };
/* End PBXBuildFile section */

/* Begin PBXContainerItemProxy section */
		3D81D5091FB9ACBF00343C6B /* PBXContainerItemProxy */ = {
			isa = PBXContainerItemProxy;
			containerPortal = 3D81D4EC1FB9ACBF00343C6B /* Project object */;
			proxyType = 1;
			remoteGlobalIDString = 3D81D4F31FB9ACBF00343C6B;
			remoteInfo = Prelo;
		};
/* End PBXContainerItemProxy section */

/* Begin PBXFileReference section */
		27B8101BBF6418D9A8B56BF6 /* Pods-Prelo.release.xcconfig */ = {isa = PBXFileReference; includeInIndex = 1; lastKnownFileType = text.xcconfig; name = "Pods-Prelo.release.xcconfig"; path = "Pods/Target Support Files/Pods-Prelo/Pods-Prelo.release.xcconfig"; sourceTree = "<group>"; };
		36C2AF9804BF941BC8EEE44A /* Pods_PreloTests.framework */ = {isa = PBXFileReference; explicitFileType = wrapper.framework; includeInIndex = 0; path = Pods_PreloTests.framework; sourceTree = BUILT_PRODUCTS_DIR; };
		3D1DE7031FB9BA5700805276 /* UIViewController+Extensions.swift */ = {isa = PBXFileReference; lastKnownFileType = sourcecode.swift; path = "UIViewController+Extensions.swift"; sourceTree = "<group>"; };
		3D1DE7061FB9CBAD00805276 /* CacheManager.swift */ = {isa = PBXFileReference; lastKnownFileType = sourcecode.swift; path = CacheManager.swift; sourceTree = "<group>"; };
		3D1DE7091FB9CC0E00805276 /* ApiConstants.swift */ = {isa = PBXFileReference; lastKnownFileType = sourcecode.swift; path = ApiConstants.swift; sourceTree = "<group>"; };
		3D81D4F41FB9ACBF00343C6B /* Prelo.app */ = {isa = PBXFileReference; explicitFileType = wrapper.application; includeInIndex = 0; path = Prelo.app; sourceTree = BUILT_PRODUCTS_DIR; };
		3D81D4F71FB9ACBF00343C6B /* AppDelegate.swift */ = {isa = PBXFileReference; lastKnownFileType = sourcecode.swift; path = AppDelegate.swift; sourceTree = "<group>"; };
		3D81D4F91FB9ACBF00343C6B /* ViewController.swift */ = {isa = PBXFileReference; lastKnownFileType = sourcecode.swift; path = ViewController.swift; sourceTree = "<group>"; };
		3D81D4FC1FB9ACBF00343C6B /* Base */ = {isa = PBXFileReference; lastKnownFileType = file.storyboard; name = Base; path = Base.lproj/Main.storyboard; sourceTree = "<group>"; };
		3D81D4FE1FB9ACBF00343C6B /* Assets.xcassets */ = {isa = PBXFileReference; lastKnownFileType = folder.assetcatalog; path = Assets.xcassets; sourceTree = "<group>"; };
		3D81D5011FB9ACBF00343C6B /* Base */ = {isa = PBXFileReference; lastKnownFileType = file.storyboard; name = Base; path = Base.lproj/LaunchScreen.storyboard; sourceTree = "<group>"; };
		3D81D5031FB9ACBF00343C6B /* Info.plist */ = {isa = PBXFileReference; lastKnownFileType = text.plist.xml; path = Info.plist; sourceTree = "<group>"; };
		3D81D5081FB9ACBF00343C6B /* PreloTests.xctest */ = {isa = PBXFileReference; explicitFileType = wrapper.cfbundle; includeInIndex = 0; path = PreloTests.xctest; sourceTree = BUILT_PRODUCTS_DIR; };
		3D81D50C1FB9ACBF00343C6B /* PreloTests.swift */ = {isa = PBXFileReference; lastKnownFileType = sourcecode.swift; path = PreloTests.swift; sourceTree = "<group>"; };
		3D81D50E1FB9ACBF00343C6B /* Info.plist */ = {isa = PBXFileReference; lastKnownFileType = text.plist.xml; path = Info.plist; sourceTree = "<group>"; };
		3D81D51B1FB9B02600343C6B /* LoginInteractor.swift */ = {isa = PBXFileReference; lastKnownFileType = sourcecode.swift; path = LoginInteractor.swift; sourceTree = "<group>"; };
		3D81D51C1FB9B02600343C6B /* LoginModels.swift */ = {isa = PBXFileReference; lastKnownFileType = sourcecode.swift; path = LoginModels.swift; sourceTree = "<group>"; };
		3D81D51D1FB9B02600343C6B /* LoginPresenter.swift */ = {isa = PBXFileReference; lastKnownFileType = sourcecode.swift; path = LoginPresenter.swift; sourceTree = "<group>"; };
		3D81D51E1FB9B02600343C6B /* LoginRouter.swift */ = {isa = PBXFileReference; lastKnownFileType = sourcecode.swift; path = LoginRouter.swift; sourceTree = "<group>"; };
		3D81D51F1FB9B02600343C6B /* LoginViewController.swift */ = {isa = PBXFileReference; lastKnownFileType = sourcecode.swift; path = LoginViewController.swift; sourceTree = "<group>"; };
		3D81D5201FB9B02600343C6B /* LoginWorker.swift */ = {isa = PBXFileReference; lastKnownFileType = sourcecode.swift; path = LoginWorker.swift; sourceTree = "<group>"; };
		3D81D5291FB9B80400343C6B /* Button.swift */ = {isa = PBXFileReference; lastKnownFileType = sourcecode.swift; path = Button.swift; sourceTree = "<group>"; };
		3D94690B1FB9CE4F009ADDAC /* LovelistInteractor.swift */ = {isa = PBXFileReference; lastKnownFileType = sourcecode.swift; path = LovelistInteractor.swift; sourceTree = "<group>"; };
		3D94690C1FB9CE4F009ADDAC /* LovelistModels.swift */ = {isa = PBXFileReference; lastKnownFileType = sourcecode.swift; path = LovelistModels.swift; sourceTree = "<group>"; };
		3D94690D1FB9CE4F009ADDAC /* LovelistPresenter.swift */ = {isa = PBXFileReference; lastKnownFileType = sourcecode.swift; path = LovelistPresenter.swift; sourceTree = "<group>"; };
		3D94690E1FB9CE4F009ADDAC /* LovelistRouter.swift */ = {isa = PBXFileReference; lastKnownFileType = sourcecode.swift; path = LovelistRouter.swift; sourceTree = "<group>"; };
		3D94690F1FB9CE4F009ADDAC /* LovelistViewController.swift */ = {isa = PBXFileReference; lastKnownFileType = sourcecode.swift; path = LovelistViewController.swift; sourceTree = "<group>"; };
		3D9469101FB9CE4F009ADDAC /* LovelistWorker.swift */ = {isa = PBXFileReference; lastKnownFileType = sourcecode.swift; path = LovelistWorker.swift; sourceTree = "<group>"; };
		41B185AF84E0AF3C1182C3AC /* Pods-PreloTests.debug.xcconfig */ = {isa = PBXFileReference; includeInIndex = 1; lastKnownFileType = text.xcconfig; name = "Pods-PreloTests.debug.xcconfig"; path = "Pods/Target Support Files/Pods-PreloTests/Pods-PreloTests.debug.xcconfig"; sourceTree = "<group>"; };
		479F904B5FA572FB1C0DA029 /* Pods_Prelo.framework */ = {isa = PBXFileReference; explicitFileType = wrapper.framework; includeInIndex = 0; path = Pods_Prelo.framework; sourceTree = BUILT_PRODUCTS_DIR; };
		6D7BA06A22609A12563B33E7 /* Pods-PreloTests.release.xcconfig */ = {isa = PBXFileReference; includeInIndex = 1; lastKnownFileType = text.xcconfig; name = "Pods-PreloTests.release.xcconfig"; path = "Pods/Target Support Files/Pods-PreloTests/Pods-PreloTests.release.xcconfig"; sourceTree = "<group>"; };
		BE0FEDA6B4D67E5BE6CC4D0C /* Pods-Prelo.debug.xcconfig */ = {isa = PBXFileReference; includeInIndex = 1; lastKnownFileType = text.xcconfig; name = "Pods-Prelo.debug.xcconfig"; path = "Pods/Target Support Files/Pods-Prelo/Pods-Prelo.debug.xcconfig"; sourceTree = "<group>"; };
/* End PBXFileReference section */

/* Begin PBXFrameworksBuildPhase section */
		3D81D4F11FB9ACBF00343C6B /* Frameworks */ = {
			isa = PBXFrameworksBuildPhase;
			buildActionMask = 2147483647;
			files = (
				87157B94104646A067B11525 /* Pods_Prelo.framework in Frameworks */,
			);
			runOnlyForDeploymentPostprocessing = 0;
		};
		3D81D5051FB9ACBF00343C6B /* Frameworks */ = {
			isa = PBXFrameworksBuildPhase;
			buildActionMask = 2147483647;
			files = (
				DCCA5F54AFE4C93D95FAF095 /* Pods_PreloTests.framework in Frameworks */,
			);
			runOnlyForDeploymentPostprocessing = 0;
		};
/* End PBXFrameworksBuildPhase section */

/* Begin PBXGroup section */
		1C7D69ECB9C65492210572C7 /* Frameworks */ = {
			isa = PBXGroup;
			children = (
				479F904B5FA572FB1C0DA029 /* Pods_Prelo.framework */,
				36C2AF9804BF941BC8EEE44A /* Pods_PreloTests.framework */,
			);
			name = Frameworks;
			sourceTree = "<group>";
		};
		2B898931CA67FE8BF18D0D7D /* Pods */ = {
			isa = PBXGroup;
			children = (
				BE0FEDA6B4D67E5BE6CC4D0C /* Pods-Prelo.debug.xcconfig */,
				27B8101BBF6418D9A8B56BF6 /* Pods-Prelo.release.xcconfig */,
				41B185AF84E0AF3C1182C3AC /* Pods-PreloTests.debug.xcconfig */,
				6D7BA06A22609A12563B33E7 /* Pods-PreloTests.release.xcconfig */,
			);
			name = Pods;
			sourceTree = "<group>";
		};
		3D1DE7021FB9BA4900805276 /* Extensions */ = {
			isa = PBXGroup;
			children = (
				3D1DE7031FB9BA5700805276 /* UIViewController+Extensions.swift */,
			);
			path = Extensions;
			sourceTree = "<group>";
		};
		3D1DE7051FB9CB7400805276 /* Cache */ = {
			isa = PBXGroup;
			children = (
				3D1DE7061FB9CBAD00805276 /* CacheManager.swift */,
			);
			path = Cache;
			sourceTree = "<group>";
		};
		3D1DE7081FB9CC0000805276 /* Helpers */ = {
			isa = PBXGroup;
			children = (
				3D1DE7091FB9CC0E00805276 /* ApiConstants.swift */,
			);
			path = Helpers;
			sourceTree = "<group>";
		};
		3D81D4EB1FB9ACBF00343C6B = {
			isa = PBXGroup;
			children = (
				3D81D4F61FB9ACBF00343C6B /* Prelo */,
				3D81D50B1FB9ACBF00343C6B /* PreloTests */,
				3D81D4F51FB9ACBF00343C6B /* Products */,
				2B898931CA67FE8BF18D0D7D /* Pods */,
				1C7D69ECB9C65492210572C7 /* Frameworks */,
			);
			sourceTree = "<group>";
		};
		3D81D4F51FB9ACBF00343C6B /* Products */ = {
			isa = PBXGroup;
			children = (
				3D81D4F41FB9ACBF00343C6B /* Prelo.app */,
				3D81D5081FB9ACBF00343C6B /* PreloTests.xctest */,
			);
			name = Products;
			sourceTree = "<group>";
		};
		3D81D4F61FB9ACBF00343C6B /* Prelo */ = {
			isa = PBXGroup;
			children = (
				3D81D5271FB9B7F000343C6B /* Common */,
				3D81D5171FB9AFA200343C6B /* Scenes */,
				3D81D4F71FB9ACBF00343C6B /* AppDelegate.swift */,
				3D81D4F91FB9ACBF00343C6B /* ViewController.swift */,
				3D81D4FB1FB9ACBF00343C6B /* Main.storyboard */,
				3D81D4FE1FB9ACBF00343C6B /* Assets.xcassets */,
				3D81D5001FB9ACBF00343C6B /* LaunchScreen.storyboard */,
				3D81D5031FB9ACBF00343C6B /* Info.plist */,
			);
			path = Prelo;
			sourceTree = "<group>";
		};
		3D81D50B1FB9ACBF00343C6B /* PreloTests */ = {
			isa = PBXGroup;
			children = (
				3D81D50C1FB9ACBF00343C6B /* PreloTests.swift */,
				3D81D50E1FB9ACBF00343C6B /* Info.plist */,
			);
			path = PreloTests;
			sourceTree = "<group>";
		};
		3D81D5171FB9AFA200343C6B /* Scenes */ = {
			isa = PBXGroup;
			children = (
				3D94690A1FB9CE3C009ADDAC /* Lovelist */,
				3D81D5191FB9AFB700343C6B /* Login */,
			);
			path = Scenes;
			sourceTree = "<group>";
		};
		3D81D5191FB9AFB700343C6B /* Login */ = {
			isa = PBXGroup;
			children = (
				3D81D51B1FB9B02600343C6B /* LoginInteractor.swift */,
				3D81D51C1FB9B02600343C6B /* LoginModels.swift */,
				3D81D51D1FB9B02600343C6B /* LoginPresenter.swift */,
				3D81D51E1FB9B02600343C6B /* LoginRouter.swift */,
				3D81D51F1FB9B02600343C6B /* LoginViewController.swift */,
				3D81D5201FB9B02600343C6B /* LoginWorker.swift */,
			);
			path = Login;
			sourceTree = "<group>";
		};
		3D81D5271FB9B7F000343C6B /* Common */ = {
			isa = PBXGroup;
			children = (
				3D1DE7081FB9CC0000805276 /* Helpers */,
				3D1DE7051FB9CB7400805276 /* Cache */,
				3D1DE7021FB9BA4900805276 /* Extensions */,
				3D81D5281FB9B7F400343C6B /* Components */,
			);
			path = Common;
			sourceTree = "<group>";
		};
		3D81D5281FB9B7F400343C6B /* Components */ = {
			isa = PBXGroup;
			children = (
				3D81D5291FB9B80400343C6B /* Button.swift */,
			);
			path = Components;
			sourceTree = "<group>";
		};
		3D94690A1FB9CE3C009ADDAC /* Lovelist */ = {
			isa = PBXGroup;
			children = (
				3D94690B1FB9CE4F009ADDAC /* LovelistInteractor.swift */,
				3D94690C1FB9CE4F009ADDAC /* LovelistModels.swift */,
				3D94690D1FB9CE4F009ADDAC /* LovelistPresenter.swift */,
				3D94690E1FB9CE4F009ADDAC /* LovelistRouter.swift */,
				3D94690F1FB9CE4F009ADDAC /* LovelistViewController.swift */,
				3D9469101FB9CE4F009ADDAC /* LovelistWorker.swift */,
			);
			path = Lovelist;
			sourceTree = "<group>";
		};
/* End PBXGroup section */

/* Begin PBXNativeTarget section */
		3D81D4F31FB9ACBF00343C6B /* Prelo */ = {
			isa = PBXNativeTarget;
			buildConfigurationList = 3D81D5111FB9ACBF00343C6B /* Build configuration list for PBXNativeTarget "Prelo" */;
			buildPhases = (
				F37211C252D0C91B9EFD3AC0 /* [CP] Check Pods Manifest.lock */,
				3D81D4F01FB9ACBF00343C6B /* Sources */,
				3D81D4F11FB9ACBF00343C6B /* Frameworks */,
				3D81D4F21FB9ACBF00343C6B /* Resources */,
				6507289011C9864D6D867C30 /* [CP] Embed Pods Frameworks */,
				5E31F17A9390BFC89019C8FD /* [CP] Copy Pods Resources */,
			);
			buildRules = (
			);
			dependencies = (
			);
			name = Prelo;
			productName = Prelo;
			productReference = 3D81D4F41FB9ACBF00343C6B /* Prelo.app */;
			productType = "com.apple.product-type.application";
		};
		3D81D5071FB9ACBF00343C6B /* PreloTests */ = {
			isa = PBXNativeTarget;
			buildConfigurationList = 3D81D5141FB9ACBF00343C6B /* Build configuration list for PBXNativeTarget "PreloTests" */;
			buildPhases = (
				DF33A62B11EA159CE71730DE /* [CP] Check Pods Manifest.lock */,
				3D81D5041FB9ACBF00343C6B /* Sources */,
				3D81D5051FB9ACBF00343C6B /* Frameworks */,
				3D81D5061FB9ACBF00343C6B /* Resources */,
				71EC30B0D35B21DA5CEC65E2 /* [CP] Embed Pods Frameworks */,
				71B7D4E677C4857CE413051B /* [CP] Copy Pods Resources */,
			);
			buildRules = (
			);
			dependencies = (
				3D81D50A1FB9ACBF00343C6B /* PBXTargetDependency */,
			);
			name = PreloTests;
			productName = PreloTests;
			productReference = 3D81D5081FB9ACBF00343C6B /* PreloTests.xctest */;
			productType = "com.apple.product-type.bundle.unit-test";
		};
/* End PBXNativeTarget section */

/* Begin PBXProject section */
		3D81D4EC1FB9ACBF00343C6B /* Project object */ = {
			isa = PBXProject;
			attributes = {
				LastSwiftUpdateCheck = 0900;
				LastUpgradeCheck = 0900;
				ORGANIZATIONNAME = Decadev;
				TargetAttributes = {
					3D81D4F31FB9ACBF00343C6B = {
						CreatedOnToolsVersion = 9.0;
						ProvisioningStyle = Automatic;
					};
					3D81D5071FB9ACBF00343C6B = {
						CreatedOnToolsVersion = 9.0;
						ProvisioningStyle = Automatic;
						TestTargetID = 3D81D4F31FB9ACBF00343C6B;
					};
				};
			};
			buildConfigurationList = 3D81D4EF1FB9ACBF00343C6B /* Build configuration list for PBXProject "Prelo" */;
			compatibilityVersion = "Xcode 8.0";
			developmentRegion = en;
			hasScannedForEncodings = 0;
			knownRegions = (
				en,
				Base,
			);
			mainGroup = 3D81D4EB1FB9ACBF00343C6B;
			productRefGroup = 3D81D4F51FB9ACBF00343C6B /* Products */;
			projectDirPath = "";
			projectRoot = "";
			targets = (
				3D81D4F31FB9ACBF00343C6B /* Prelo */,
				3D81D5071FB9ACBF00343C6B /* PreloTests */,
			);
		};
/* End PBXProject section */

/* Begin PBXResourcesBuildPhase section */
		3D81D4F21FB9ACBF00343C6B /* Resources */ = {
			isa = PBXResourcesBuildPhase;
			buildActionMask = 2147483647;
			files = (
				3D81D5021FB9ACBF00343C6B /* LaunchScreen.storyboard in Resources */,
				3D81D4FF1FB9ACBF00343C6B /* Assets.xcassets in Resources */,
				3D81D4FD1FB9ACBF00343C6B /* Main.storyboard in Resources */,
			);
			runOnlyForDeploymentPostprocessing = 0;
		};
		3D81D5061FB9ACBF00343C6B /* Resources */ = {
			isa = PBXResourcesBuildPhase;
			buildActionMask = 2147483647;
			files = (
			);
			runOnlyForDeploymentPostprocessing = 0;
		};
/* End PBXResourcesBuildPhase section */

/* Begin PBXShellScriptBuildPhase section */
		5E31F17A9390BFC89019C8FD /* [CP] Copy Pods Resources */ = {
			isa = PBXShellScriptBuildPhase;
			buildActionMask = 2147483647;
			files = (
			);
			inputPaths = (
			);
			name = "[CP] Copy Pods Resources";
			outputPaths = (
			);
			runOnlyForDeploymentPostprocessing = 0;
			shellPath = /bin/sh;
			shellScript = "\"${SRCROOT}/Pods/Target Support Files/Pods-Prelo/Pods-Prelo-resources.sh\"\n";
			showEnvVarsInLog = 0;
		};
		6507289011C9864D6D867C30 /* [CP] Embed Pods Frameworks */ = {
			isa = PBXShellScriptBuildPhase;
			buildActionMask = 2147483647;
			files = (
			);
			inputPaths = (
				"${SRCROOT}/Pods/Target Support Files/Pods-Prelo/Pods-Prelo-frameworks.sh",
				"${BUILT_PRODUCTS_DIR}/ALThreeCircleSpinner/ALThreeCircleSpinner.framework",
				"${BUILT_PRODUCTS_DIR}/Alamofire/Alamofire.framework",
				"${BUILT_PRODUCTS_DIR}/Hue/Hue.framework",
				"${BUILT_PRODUCTS_DIR}/Kingfisher/Kingfisher.framework",
				"${BUILT_PRODUCTS_DIR}/RxCocoa/RxCocoa.framework",
				"${BUILT_PRODUCTS_DIR}/RxSwift/RxSwift.framework",
				"${BUILT_PRODUCTS_DIR}/SkyFloatingLabelTextField/SkyFloatingLabelTextField.framework",
				"${BUILT_PRODUCTS_DIR}/SwiftyJSON/SwiftyJSON.framework",
				"${BUILT_PRODUCTS_DIR}/WRUserSettings/WRUserSettings.framework",
			);
			name = "[CP] Embed Pods Frameworks";
			outputPaths = (
				"${TARGET_BUILD_DIR}/${FRAMEWORKS_FOLDER_PATH}/ALThreeCircleSpinner.framework",
				"${TARGET_BUILD_DIR}/${FRAMEWORKS_FOLDER_PATH}/Alamofire.framework",
				"${TARGET_BUILD_DIR}/${FRAMEWORKS_FOLDER_PATH}/Hue.framework",
				"${TARGET_BUILD_DIR}/${FRAMEWORKS_FOLDER_PATH}/Kingfisher.framework",
				"${TARGET_BUILD_DIR}/${FRAMEWORKS_FOLDER_PATH}/RxCocoa.framework",
				"${TARGET_BUILD_DIR}/${FRAMEWORKS_FOLDER_PATH}/RxSwift.framework",
				"${TARGET_BUILD_DIR}/${FRAMEWORKS_FOLDER_PATH}/SkyFloatingLabelTextField.framework",
				"${TARGET_BUILD_DIR}/${FRAMEWORKS_FOLDER_PATH}/SwiftyJSON.framework",
				"${TARGET_BUILD_DIR}/${FRAMEWORKS_FOLDER_PATH}/WRUserSettings.framework",
			);
			runOnlyForDeploymentPostprocessing = 0;
			shellPath = /bin/sh;
			shellScript = "\"${SRCROOT}/Pods/Target Support Files/Pods-Prelo/Pods-Prelo-frameworks.sh\"\n";
			showEnvVarsInLog = 0;
		};
		71B7D4E677C4857CE413051B /* [CP] Copy Pods Resources */ = {
			isa = PBXShellScriptBuildPhase;
			buildActionMask = 2147483647;
			files = (
			);
			inputPaths = (
			);
			name = "[CP] Copy Pods Resources";
			outputPaths = (
			);
			runOnlyForDeploymentPostprocessing = 0;
			shellPath = /bin/sh;
			shellScript = "\"${SRCROOT}/Pods/Target Support Files/Pods-PreloTests/Pods-PreloTests-resources.sh\"\n";
			showEnvVarsInLog = 0;
		};
		71EC30B0D35B21DA5CEC65E2 /* [CP] Embed Pods Frameworks */ = {
			isa = PBXShellScriptBuildPhase;
			buildActionMask = 2147483647;
			files = (
			);
			inputPaths = (
			);
			name = "[CP] Embed Pods Frameworks";
			outputPaths = (
			);
			runOnlyForDeploymentPostprocessing = 0;
			shellPath = /bin/sh;
			shellScript = "\"${SRCROOT}/Pods/Target Support Files/Pods-PreloTests/Pods-PreloTests-frameworks.sh\"\n";
			showEnvVarsInLog = 0;
		};
		DF33A62B11EA159CE71730DE /* [CP] Check Pods Manifest.lock */ = {
			isa = PBXShellScriptBuildPhase;
			buildActionMask = 2147483647;
			files = (
			);
			inputPaths = (
				"${PODS_PODFILE_DIR_PATH}/Podfile.lock",
				"${PODS_ROOT}/Manifest.lock",
			);
			name = "[CP] Check Pods Manifest.lock";
			outputPaths = (
				"$(DERIVED_FILE_DIR)/Pods-PreloTests-checkManifestLockResult.txt",
			);
			runOnlyForDeploymentPostprocessing = 0;
			shellPath = /bin/sh;
			shellScript = "diff \"${PODS_PODFILE_DIR_PATH}/Podfile.lock\" \"${PODS_ROOT}/Manifest.lock\" > /dev/null\nif [ $? != 0 ] ; then\n    # print error to STDERR\n    echo \"error: The sandbox is not in sync with the Podfile.lock. Run 'pod install' or update your CocoaPods installation.\" >&2\n    exit 1\nfi\n# This output is used by Xcode 'outputs' to avoid re-running this script phase.\necho \"SUCCESS\" > \"${SCRIPT_OUTPUT_FILE_0}\"\n";
			showEnvVarsInLog = 0;
		};
		F37211C252D0C91B9EFD3AC0 /* [CP] Check Pods Manifest.lock */ = {
			isa = PBXShellScriptBuildPhase;
			buildActionMask = 2147483647;
			files = (
			);
			inputPaths = (
				"${PODS_PODFILE_DIR_PATH}/Podfile.lock",
				"${PODS_ROOT}/Manifest.lock",
			);
			name = "[CP] Check Pods Manifest.lock";
			outputPaths = (
				"$(DERIVED_FILE_DIR)/Pods-Prelo-checkManifestLockResult.txt",
			);
			runOnlyForDeploymentPostprocessing = 0;
			shellPath = /bin/sh;
			shellScript = "diff \"${PODS_PODFILE_DIR_PATH}/Podfile.lock\" \"${PODS_ROOT}/Manifest.lock\" > /dev/null\nif [ $? != 0 ] ; then\n    # print error to STDERR\n    echo \"error: The sandbox is not in sync with the Podfile.lock. Run 'pod install' or update your CocoaPods installation.\" >&2\n    exit 1\nfi\n# This output is used by Xcode 'outputs' to avoid re-running this script phase.\necho \"SUCCESS\" > \"${SCRIPT_OUTPUT_FILE_0}\"\n";
			showEnvVarsInLog = 0;
		};
/* End PBXShellScriptBuildPhase section */

/* Begin PBXSourcesBuildPhase section */
		3D81D4F01FB9ACBF00343C6B /* Sources */ = {
			isa = PBXSourcesBuildPhase;
			buildActionMask = 2147483647;
			files = (
				3D81D5251FB9B02600343C6B /* LoginViewController.swift in Sources */,
				3D81D4FA1FB9ACBF00343C6B /* ViewController.swift in Sources */,
				3D9469141FB9CE4F009ADDAC /* LovelistRouter.swift in Sources */,
				3D9469111FB9CE4F009ADDAC /* LovelistInteractor.swift in Sources */,
				3D1DE7041FB9BA5700805276 /* UIViewController+Extensions.swift in Sources */,
				3D9469151FB9CE4F009ADDAC /* LovelistViewController.swift in Sources */,
				3D81D5221FB9B02600343C6B /* LoginModels.swift in Sources */,
				3D81D5241FB9B02600343C6B /* LoginRouter.swift in Sources */,
				3D81D52A1FB9B80400343C6B /* Button.swift in Sources */,
				3D1DE7071FB9CBAD00805276 /* CacheManager.swift in Sources */,
				3D9469131FB9CE4F009ADDAC /* LovelistPresenter.swift in Sources */,
				3D9469161FB9CE4F009ADDAC /* LovelistWorker.swift in Sources */,
				3D81D4F81FB9ACBF00343C6B /* AppDelegate.swift in Sources */,
				3D1DE70A1FB9CC0E00805276 /* ApiConstants.swift in Sources */,
				3D81D5211FB9B02600343C6B /* LoginInteractor.swift in Sources */,
				3D81D5231FB9B02600343C6B /* LoginPresenter.swift in Sources */,
				3D81D5261FB9B02600343C6B /* LoginWorker.swift in Sources */,
				3D9469121FB9CE4F009ADDAC /* LovelistModels.swift in Sources */,
			);
			runOnlyForDeploymentPostprocessing = 0;
		};
		3D81D5041FB9ACBF00343C6B /* Sources */ = {
			isa = PBXSourcesBuildPhase;
			buildActionMask = 2147483647;
			files = (
				3D81D50D1FB9ACBF00343C6B /* PreloTests.swift in Sources */,
			);
			runOnlyForDeploymentPostprocessing = 0;
		};
/* End PBXSourcesBuildPhase section */

/* Begin PBXTargetDependency section */
		3D81D50A1FB9ACBF00343C6B /* PBXTargetDependency */ = {
			isa = PBXTargetDependency;
			target = 3D81D4F31FB9ACBF00343C6B /* Prelo */;
			targetProxy = 3D81D5091FB9ACBF00343C6B /* PBXContainerItemProxy */;
		};
/* End PBXTargetDependency section */

/* Begin PBXVariantGroup section */
		3D81D4FB1FB9ACBF00343C6B /* Main.storyboard */ = {
			isa = PBXVariantGroup;
			children = (
				3D81D4FC1FB9ACBF00343C6B /* Base */,
			);
			name = Main.storyboard;
			sourceTree = "<group>";
		};
		3D81D5001FB9ACBF00343C6B /* LaunchScreen.storyboard */ = {
			isa = PBXVariantGroup;
			children = (
				3D81D5011FB9ACBF00343C6B /* Base */,
			);
			name = LaunchScreen.storyboard;
			sourceTree = "<group>";
		};
/* End PBXVariantGroup section */

/* Begin XCBuildConfiguration section */
		3D81D50F1FB9ACBF00343C6B /* Debug */ = {
			isa = XCBuildConfiguration;
			buildSettings = {
				ALWAYS_SEARCH_USER_PATHS = NO;
				CLANG_ANALYZER_NONNULL = YES;
				CLANG_ANALYZER_NUMBER_OBJECT_CONVERSION = YES_AGGRESSIVE;
				CLANG_CXX_LANGUAGE_STANDARD = "gnu++14";
				CLANG_CXX_LIBRARY = "libc++";
				CLANG_ENABLE_MODULES = YES;
				CLANG_ENABLE_OBJC_ARC = YES;
				CLANG_WARN_BLOCK_CAPTURE_AUTORELEASING = YES;
				CLANG_WARN_BOOL_CONVERSION = YES;
				CLANG_WARN_COMMA = YES;
				CLANG_WARN_CONSTANT_CONVERSION = YES;
				CLANG_WARN_DIRECT_OBJC_ISA_USAGE = YES_ERROR;
				CLANG_WARN_DOCUMENTATION_COMMENTS = YES;
				CLANG_WARN_EMPTY_BODY = YES;
				CLANG_WARN_ENUM_CONVERSION = YES;
				CLANG_WARN_INFINITE_RECURSION = YES;
				CLANG_WARN_INT_CONVERSION = YES;
				CLANG_WARN_NON_LITERAL_NULL_CONVERSION = YES;
				CLANG_WARN_OBJC_LITERAL_CONVERSION = YES;
				CLANG_WARN_OBJC_ROOT_CLASS = YES_ERROR;
				CLANG_WARN_RANGE_LOOP_ANALYSIS = YES;
				CLANG_WARN_STRICT_PROTOTYPES = YES;
				CLANG_WARN_SUSPICIOUS_MOVE = YES;
				CLANG_WARN_UNGUARDED_AVAILABILITY = YES_AGGRESSIVE;
				CLANG_WARN_UNREACHABLE_CODE = YES;
				CLANG_WARN__DUPLICATE_METHOD_MATCH = YES;
				CODE_SIGN_IDENTITY = "iPhone Developer";
				COPY_PHASE_STRIP = NO;
				DEBUG_INFORMATION_FORMAT = dwarf;
				ENABLE_STRICT_OBJC_MSGSEND = YES;
				ENABLE_TESTABILITY = YES;
				GCC_C_LANGUAGE_STANDARD = gnu11;
				GCC_DYNAMIC_NO_PIC = NO;
				GCC_NO_COMMON_BLOCKS = YES;
				GCC_OPTIMIZATION_LEVEL = 0;
				GCC_PREPROCESSOR_DEFINITIONS = (
					"DEBUG=1",
					"$(inherited)",
				);
				GCC_WARN_64_TO_32_BIT_CONVERSION = YES;
				GCC_WARN_ABOUT_RETURN_TYPE = YES_ERROR;
				GCC_WARN_UNDECLARED_SELECTOR = YES;
				GCC_WARN_UNINITIALIZED_AUTOS = YES_AGGRESSIVE;
				GCC_WARN_UNUSED_FUNCTION = YES;
				GCC_WARN_UNUSED_VARIABLE = YES;
				IPHONEOS_DEPLOYMENT_TARGET = 11.0;
				MTL_ENABLE_DEBUG_INFO = YES;
				ONLY_ACTIVE_ARCH = YES;
				SDKROOT = iphoneos;
				SWIFT_ACTIVE_COMPILATION_CONDITIONS = DEBUG;
				SWIFT_OPTIMIZATION_LEVEL = "-Onone";
			};
			name = Debug;
		};
		3D81D5101FB9ACBF00343C6B /* Release */ = {
			isa = XCBuildConfiguration;
			buildSettings = {
				ALWAYS_SEARCH_USER_PATHS = NO;
				CLANG_ANALYZER_NONNULL = YES;
				CLANG_ANALYZER_NUMBER_OBJECT_CONVERSION = YES_AGGRESSIVE;
				CLANG_CXX_LANGUAGE_STANDARD = "gnu++14";
				CLANG_CXX_LIBRARY = "libc++";
				CLANG_ENABLE_MODULES = YES;
				CLANG_ENABLE_OBJC_ARC = YES;
				CLANG_WARN_BLOCK_CAPTURE_AUTORELEASING = YES;
				CLANG_WARN_BOOL_CONVERSION = YES;
				CLANG_WARN_COMMA = YES;
				CLANG_WARN_CONSTANT_CONVERSION = YES;
				CLANG_WARN_DIRECT_OBJC_ISA_USAGE = YES_ERROR;
				CLANG_WARN_DOCUMENTATION_COMMENTS = YES;
				CLANG_WARN_EMPTY_BODY = YES;
				CLANG_WARN_ENUM_CONVERSION = YES;
				CLANG_WARN_INFINITE_RECURSION = YES;
				CLANG_WARN_INT_CONVERSION = YES;
				CLANG_WARN_NON_LITERAL_NULL_CONVERSION = YES;
				CLANG_WARN_OBJC_LITERAL_CONVERSION = YES;
				CLANG_WARN_OBJC_ROOT_CLASS = YES_ERROR;
				CLANG_WARN_RANGE_LOOP_ANALYSIS = YES;
				CLANG_WARN_STRICT_PROTOTYPES = YES;
				CLANG_WARN_SUSPICIOUS_MOVE = YES;
				CLANG_WARN_UNGUARDED_AVAILABILITY = YES_AGGRESSIVE;
				CLANG_WARN_UNREACHABLE_CODE = YES;
				CLANG_WARN__DUPLICATE_METHOD_MATCH = YES;
				CODE_SIGN_IDENTITY = "iPhone Developer";
				COPY_PHASE_STRIP = NO;
				DEBUG_INFORMATION_FORMAT = "dwarf-with-dsym";
				ENABLE_NS_ASSERTIONS = NO;
				ENABLE_STRICT_OBJC_MSGSEND = YES;
				GCC_C_LANGUAGE_STANDARD = gnu11;
				GCC_NO_COMMON_BLOCKS = YES;
				GCC_WARN_64_TO_32_BIT_CONVERSION = YES;
				GCC_WARN_ABOUT_RETURN_TYPE = YES_ERROR;
				GCC_WARN_UNDECLARED_SELECTOR = YES;
				GCC_WARN_UNINITIALIZED_AUTOS = YES_AGGRESSIVE;
				GCC_WARN_UNUSED_FUNCTION = YES;
				GCC_WARN_UNUSED_VARIABLE = YES;
				IPHONEOS_DEPLOYMENT_TARGET = 11.0;
				MTL_ENABLE_DEBUG_INFO = NO;
				SDKROOT = iphoneos;
				SWIFT_OPTIMIZATION_LEVEL = "-Owholemodule";
				VALIDATE_PRODUCT = YES;
			};
			name = Release;
		};
		3D81D5121FB9ACBF00343C6B /* Debug */ = {
			isa = XCBuildConfiguration;
			baseConfigurationReference = BE0FEDA6B4D67E5BE6CC4D0C /* Pods-Prelo.debug.xcconfig */;
			buildSettings = {
				ASSETCATALOG_COMPILER_APPICON_NAME = AppIcon;
				CODE_SIGN_STYLE = Automatic;
				INFOPLIST_FILE = Prelo/Info.plist;
				LD_RUNPATH_SEARCH_PATHS = "$(inherited) @executable_path/Frameworks";
				PRODUCT_BUNDLE_IDENTIFIER = com.decadev.Prelo;
				PRODUCT_NAME = "$(TARGET_NAME)";
				SWIFT_VERSION = 4.0;
				TARGETED_DEVICE_FAMILY = "1,2";
			};
			name = Debug;
		};
		3D81D5131FB9ACBF00343C6B /* Release */ = {
			isa = XCBuildConfiguration;
			baseConfigurationReference = 27B8101BBF6418D9A8B56BF6 /* Pods-Prelo.release.xcconfig */;
			buildSettings = {
				ASSETCATALOG_COMPILER_APPICON_NAME = AppIcon;
				CODE_SIGN_STYLE = Automatic;
				INFOPLIST_FILE = Prelo/Info.plist;
				LD_RUNPATH_SEARCH_PATHS = "$(inherited) @executable_path/Frameworks";
				PRODUCT_BUNDLE_IDENTIFIER = com.decadev.Prelo;
				PRODUCT_NAME = "$(TARGET_NAME)";
				SWIFT_VERSION = 4.0;
				TARGETED_DEVICE_FAMILY = "1,2";
			};
			name = Release;
		};
		3D81D5151FB9ACBF00343C6B /* Debug */ = {
			isa = XCBuildConfiguration;
			baseConfigurationReference = 41B185AF84E0AF3C1182C3AC /* Pods-PreloTests.debug.xcconfig */;
			buildSettings = {
				ALWAYS_EMBED_SWIFT_STANDARD_LIBRARIES = YES;
				BUNDLE_LOADER = "$(TEST_HOST)";
				CODE_SIGN_STYLE = Automatic;
				INFOPLIST_FILE = PreloTests/Info.plist;
				LD_RUNPATH_SEARCH_PATHS = "$(inherited) @executable_path/Frameworks @loader_path/Frameworks";
				PRODUCT_BUNDLE_IDENTIFIER = com.decadev.PreloTests;
				PRODUCT_NAME = "$(TARGET_NAME)";
				SWIFT_VERSION = 4.0;
				TARGETED_DEVICE_FAMILY = "1,2";
				TEST_HOST = "$(BUILT_PRODUCTS_DIR)/Prelo.app/Prelo";
			};
			name = Debug;
		};
		3D81D5161FB9ACBF00343C6B /* Release */ = {
			isa = XCBuildConfiguration;
			baseConfigurationReference = 6D7BA06A22609A12563B33E7 /* Pods-PreloTests.release.xcconfig */;
			buildSettings = {
				ALWAYS_EMBED_SWIFT_STANDARD_LIBRARIES = YES;
				BUNDLE_LOADER = "$(TEST_HOST)";
				CODE_SIGN_STYLE = Automatic;
				INFOPLIST_FILE = PreloTests/Info.plist;
				LD_RUNPATH_SEARCH_PATHS = "$(inherited) @executable_path/Frameworks @loader_path/Frameworks";
				PRODUCT_BUNDLE_IDENTIFIER = com.decadev.PreloTests;
				PRODUCT_NAME = "$(TARGET_NAME)";
				SWIFT_VERSION = 4.0;
				TARGETED_DEVICE_FAMILY = "1,2";
				TEST_HOST = "$(BUILT_PRODUCTS_DIR)/Prelo.app/Prelo";
			};
			name = Release;
		};
/* End XCBuildConfiguration section */

/* Begin XCConfigurationList section */
		3D81D4EF1FB9ACBF00343C6B /* Build configuration list for PBXProject "Prelo" */ = {
			isa = XCConfigurationList;
			buildConfigurations = (
				3D81D50F1FB9ACBF00343C6B /* Debug */,
				3D81D5101FB9ACBF00343C6B /* Release */,
			);
			defaultConfigurationIsVisible = 0;
			defaultConfigurationName = Release;
		};
		3D81D5111FB9ACBF00343C6B /* Build configuration list for PBXNativeTarget "Prelo" */ = {
			isa = XCConfigurationList;
			buildConfigurations = (
				3D81D5121FB9ACBF00343C6B /* Debug */,
				3D81D5131FB9ACBF00343C6B /* Release */,
			);
			defaultConfigurationIsVisible = 0;
			defaultConfigurationName = Release;
		};
		3D81D5141FB9ACBF00343C6B /* Build configuration list for PBXNativeTarget "PreloTests" */ = {
			isa = XCConfigurationList;
			buildConfigurations = (
				3D81D5151FB9ACBF00343C6B /* Debug */,
				3D81D5161FB9ACBF00343C6B /* Release */,
			);
			defaultConfigurationIsVisible = 0;
			defaultConfigurationName = Release;
		};
/* End XCConfigurationList section */
	};
	rootObject = 3D81D4EC1FB9ACBF00343C6B /* Project object */;
}
